
Microsoft Visual Studio Solution File, Format Version 12.00
# Visual Studio Version 17
VisualStudioVersion = 17.0.31903.59
MinimumVisualStudioVersion = 10.0.40219.1
Project("{2150E333-8FDC-42A3-9474-1A3956D46DE8}") = "src", "src", "{827E0CD3-B72D-47B6-A68D-7590B98EB39B}"
EndProject
Project("{FAE04EC0-301F-11D3-BF4B-00C04F79EFBC}") = "HalimRecovery.Core", "src\HalimRecovery.Core\HalimRecovery.Core.csproj", "{EA723499-2963-4A2F-B717-D3C04510D846}"
EndProject
Project("{FAE04EC0-301F-11D3-BF4B-00C04F79EFBC}") = "HalimRecovery.Cli", "src\HalimRecovery.Cli\HalimRecovery.Cli.csproj", "{54264D30-0CC4-4405-B789-040F9A532BE8}"
EndProject
Project("{FAE04EC0-301F-11D3-BF4B-00C04F79EFBC}") = "HalimRecovery.App", "src\HalimRecovery.App\HalimRecovery.App.csproj", "{C6AF6267-0F8F-45E0-99C4-4BA48C33185A}"
EndProject
Project("{FAE04EC0-301F-11D3-BF4B-00C04F79EFBC}") = "HalimRecovery.Tests", "tests\HalimRecovery.Tests\HalimRecovery.Tests.csproj", "{A38E0859-5D9D-4A8C-87CD-880C4FCAD45A}"
EndProject
Global
	GlobalSection(SolutionConfigurationPlatforms) = preSolution
		Debug|Any CPU = Debug|Any CPU
		Debug|x64 = Debug|x64
		Debug|x86 = Debug|x86
		Release|Any CPU = Release|Any CPU
		Release|x64 = Release|x64
		Release|x86 = Release|x86
	EndGlobalSection
	GlobalSection(ProjectConfigurationPlatforms) = postSolution
		{EA723499-2963-4A2F-B717-D3C04510D846}.Debug|Any CPU.ActiveCfg = Debug|Any CPU
		{EA723499-2963-4A2F-B717-D3C04510D846}.Debug|Any CPU.Build.0 = Debug|Any CPU
		{EA723499-2963-4A2F-B717-D3C04510D846}.Debug|x64.ActiveCfg = Debug|Any CPU
		{EA723499-2963-4A2F-B717-D3C04510D846}.Debug|x64.Build.0 = Debug|Any CPU
		{EA723499-2963-4A2F-B717-D3C04510D846}.Debug|x86.ActiveCfg = Debug|Any CPU
		{EA723499-2963-4A2F-B717-D3C04510D846}.Debug|x86.Build.0 = Debug|Any CPU
		{EA723499-2963-4A2F-B717-D3C04510D846}.Release|Any CPU.ActiveCfg = Release|Any CPU
		{EA723499-2963-4A2F-B717-D3C04510D846}.Release|Any CPU.Build.0 = Release|Any CPU
		{EA723499-2963-4A2F-B717-D3C04510D846}.Release|x64.ActiveCfg = Release|Any CPU
		{EA723499-2963-4A2F-B717-D3C04510D846}.Release|x64.Build.0 = Release|Any CPU
		{EA723499-2963-4A2F-B717-D3C04510D846}.Release|x86.ActiveCfg = Release|Any CPU
		{EA723499-2963-4A2F-B717-D3C04510D846}.Release|x86.Build.0 = Release|Any CPU
		{54264D30-0CC4-4405-B789-040F9A532BE8}.Debug|Any CPU.ActiveCfg = Debug|Any CPU
		{54264D30-0CC4-4405-B789-040F9A532BE8}.Debug|Any CPU.Build.0 = Debug|Any CPU
		{54264D30-0CC4-4405-B789-040F9A532BE8}.Debug|x64.ActiveCfg = Debug|Any CPU
		{54264D30-0CC4-4405-B789-040F9A532BE8}.Debug|x64.Build.0 = Debug|Any CPU
		{54264D30-0CC4-4405-B789-040F9A532BE8}.Debug|x86.ActiveCfg = Debug|Any CPU
		{54264D30-0CC4-4405-B789-040F9A532BE8}.Debug|x86.Build.0 = Debug|Any CPU
		{54264D30-0CC4-4405-B789-040F9A532BE8}.Release|Any CPU.ActiveCfg = Release|Any CPU
		{54264D30-0CC4-4405-B789-040F9A532BE8}.Release|Any CPU.Build.0 = Release|Any CPU
		{54264D30-0CC4-4405-B789-040F9A532BE8}.Release|x64.ActiveCfg = Release|Any CPU
		{54264D30-0CC4-4405-B789-040F9A532BE8}.Release|x64.Build.0 = Release|Any CPU
		{54264D30-0CC4-4405-B789-040F9A532BE8}.Release|x86.ActiveCfg = Release|Any CPU
		{54264D30-0CC4-4405-B789-040F9A532BE8}.Release|x86.Build.0 = Release|Any CPU
		{C6AF6267-0F8F-45E0-99C4-4BA48C33185A}.Debug|Any CPU.ActiveCfg = Debug|Any CPU
		{C6AF6267-0F8F-45E0-99C4-4BA48C33185A}.Debug|Any CPU.Build.0 = Debug|Any CPU
		{C6AF6267-0F8F-45E0-99C4-4BA48C33185A}.Debug|x64.ActiveCfg = Debug|Any CPU
		{C6AF6267-0F8F-45E0-99C4-4BA48C33185A}.Debug|x64.Build.0 = Debug|Any CPU
		{C6AF6267-0F8F-45E0-99C4-4BA48C33185A}.Debug|x86.ActiveCfg = Debug|Any CPU
		{C6AF6267-0F8F-45E0-99C4-4BA48C33185A}.Debug|x86.Build.0 = Debug|Any CPU
		{C6AF6267-0F8F-45E0-99C4-4BA48C33185A}.Release|Any CPU.ActiveCfg = Release|Any CPU
		{C6AF6267-0F8F-45E0-99C4-4BA48C33185A}.Release|Any CPU.Build.0 = Release|Any CPU
		{C6AF6267-0F8F-45E0-99C4-4BA48C33185A}.Release|x64.ActiveCfg = Release|Any CPU
		{C6AF6267-0F8F-45E0-99C4-4BA48C33185A}.Release|x64.Build.0 = Release|Any CPU
		{C6AF6267-0F8F-45E0-99C4-4BA48C33185A}.Release|x86.ActiveCfg = Release|Any CPU
		{C6AF6267-0F8F-45E0-99C4-4BA48C33185A}.Release|x86.Build.0 = Release|Any CPU
		{A38E0859-5D9D-4A8C-87CD-880C4FCAD45A}.Debug|Any CPU.ActiveCfg = Debug|Any CPU
		{A38E0859-5D9D-4A8C-87CD-880C4FCAD45A}.Debug|Any CPU.Build.0 = Debug|Any CPU
		{A38E0859-5D9D-4A8C-87CD-880C4FCAD45A}.Debug|x64.ActiveCfg = Debug|Any CPU
		{A38E0859-5D9D-4A8C-87CD-880C4FCAD45A}.Debug|x64.Build.0 = Debug|Any CPU
		{A38E0859-5D9D-4A8C-87CD-880C4FCAD45A}.Debug|x86.ActiveCfg = Debug|Any CPU
		{A38E0859-5D9D-4A8C-87CD-880C4FCAD45A}.Debug|x86.Build.0 = Debug|Any CPU
		{A38E0859-5D9D-4A8C-87CD-880C4FCAD45A}.Release|Any CPU.ActiveCfg = Release|Any CPU
		{A38E0859-5D9D-4A8C-87CD-880C4FCAD45A}.Release|Any CPU.Build.0 = Release|Any CPU
		{A38E0859-5D9D-4A8C-87CD-880C4FCAD45A}.Release|x64.ActiveCfg = Release|Any CPU
		{A38E0859-5D9D-4A8C-87CD-880C4FCAD45A}.Release|x64.Build.0 = Release|Any CPU
		{A38E0859-5D9D-4A8C-87CD-880C4FCAD45A}.Release|x86.ActiveCfg = Release|Any CPU
		{A38E0859-5D9D-4A8C-87CD-880C4FCAD45A}.Release|x86.Build.0 = Release|Any CPU
	EndGlobalSection
	GlobalSection(SolutionProperties) = preSolution
		HideSolutionNode = FALSE
	EndGlobalSection
	GlobalSection(NestedProjects) = preSolution
		{EA723499-2963-4A2F-B717-D3C04510D846} = {827E0CD3-B72D-47B6-A68D-7590B98EB39B}
		{54264D30-0CC4-4405-B789-040F9A532BE8} = {827E0CD3-B72D-47B6-A68D-7590B98EB39B}
		{C6AF6267-0F8F-45E0-99C4-4BA48C33185A} = {827E0CD3-B72D-47B6-A68D-7590B98EB39B}
		{A38E0859-5D9D-4A8C-87CD-880C4FCAD45A} = {827E0CD3-B72D-47B6-A68D-7590B98EB39B}
	EndGlobalSection
EndGlobal
